// !$*UTF8*$!
{
	archiveVersion = 1;
	classes = {
	};
	objectVersion = 48;
	objects = {

/* Begin PBXBuildFile section */
		8D95E6BD2203A3670097122D /* AppDelegate.swift in Sources */ = {isa = PBXBuildFile; fileRef = 8D95E6BC2203A3670097122D /* AppDelegate.swift */; };
		8D95E6C22203A3670097122D /* Main.storyboard in Resources */ = {isa = PBXBuildFile; fileRef = 8D95E6C02203A3670097122D /* Main.storyboard */; };
		8D95E6C42203A3670097122D /* Assets.xcassets in Resources */ = {isa = PBXBuildFile; fileRef = 8D95E6C32203A3670097122D /* Assets.xcassets */; };
		8D95E6C72203A3670097122D /* LaunchScreen.storyboard in Resources */ = {isa = PBXBuildFile; fileRef = 8D95E6C52203A3670097122D /* LaunchScreen.storyboard */; };
		8D95E6CF2203A9880097122D /* WelcomeViewController.swift in Sources */ = {isa = PBXBuildFile; fileRef = 8D95E6CE2203A9880097122D /* WelcomeViewController.swift */; };
		8D95E6D12203B57A0097122D /* GoogleService-Info.plist in Resources */ = {isa = PBXBuildFile; fileRef = 8D95E6D02203B57A0097122D /* GoogleService-Info.plist */; };
		8D95E6D32203B7860097122D /* FUser.swift in Sources */ = {isa = PBXBuildFile; fileRef = 8D95E6D22203B7860097122D /* FUser.swift */; };
		8D95E6D52203B9C80097122D /* Constants.swift in Sources */ = {isa = PBXBuildFile; fileRef = 8D95E6D42203B9C80097122D /* Constants.swift */; };
		8D95E6D72203BC0B0097122D /* CollectionReference.swift in Sources */ = {isa = PBXBuildFile; fileRef = 8D95E6D62203BC0B0097122D /* CollectionReference.swift */; };
		8D95E6D92203BCCD0097122D /* HelperFunctions.swift in Sources */ = {isa = PBXBuildFile; fileRef = 8D95E6D82203BCCD0097122D /* HelperFunctions.swift */; };
		8D95E6DB2203CBB50097122D /* FinishRegistrationViewController.swift in Sources */ = {isa = PBXBuildFile; fileRef = 8D95E6DA2203CBB50097122D /* FinishRegistrationViewController.swift */; };
		8D95E6E0220678990097122D /* SettingsTableViewController.swift in Sources */ = {isa = PBXBuildFile; fileRef = 8D95E6DF220678990097122D /* SettingsTableViewController.swift */; };
		8D95E6E2220683D20097122D /* UserTableViewCell.swift in Sources */ = {isa = PBXBuildFile; fileRef = 8D95E6E1220683D20097122D /* UserTableViewCell.swift */; };
		8D95E6E5220688840097122D /* UsersTableViewController.swift in Sources */ = {isa = PBXBuildFile; fileRef = 8D95E6E4220688840097122D /* UsersTableViewController.swift */; };
		8D95E6E72206A5C10097122D /* ChatsViewController.swift in Sources */ = {isa = PBXBuildFile; fileRef = 8D95E6E62206A5C10097122D /* ChatsViewController.swift */; };
		8D95E6E92206C8270097122D /* ProfileViewTableViewController.swift in Sources */ = {isa = PBXBuildFile; fileRef = 8D95E6E82206C8270097122D /* ProfileViewTableViewController.swift */; };
		8D9615A02207EAD9004A9534 /* Recent.swift in Sources */ = {isa = PBXBuildFile; fileRef = 8D96159F2207EAD9004A9534 /* Recent.swift */; };
		8D9615A22207FFF2004A9534 /* RecentChatTableViewCell.swift in Sources */ = {isa = PBXBuildFile; fileRef = 8D9615A12207FFF2004A9534 /* RecentChatTableViewCell.swift */; };
		8D9615A42208FF5C004A9534 /* ChatViewController.swift in Sources */ = {isa = PBXBuildFile; fileRef = 8D9615A32208FF5C004A9534 /* ChatViewController.swift */; };
		8D9615A622091235004A9534 /* OutgoingMessages.swift in Sources */ = {isa = PBXBuildFile; fileRef = 8D9615A522091235004A9534 /* OutgoingMessages.swift */; };
		8D9615A822091B2E004A9534 /* IncomingMessages.swift in Sources */ = {isa = PBXBuildFile; fileRef = 8D9615A722091B2E004A9534 /* IncomingMessages.swift */; };
		8DABC3F8220BF51100343A94 /* Camera.swift in Sources */ = {isa = PBXBuildFile; fileRef = 8DABC3F7220BF51100343A94 /* Camera.swift */; };
		8DABC3FA220BFA1C00343A94 /* Downloader.swift in Sources */ = {isa = PBXBuildFile; fileRef = 8DABC3F9220BFA1C00343A94 /* Downloader.swift */; };
		8DABC3FC220C09D500343A94 /* PhotoMediaItem.swift in Sources */ = {isa = PBXBuildFile; fileRef = 8DABC3FB220C09D500343A94 /* PhotoMediaItem.swift */; };
		8DABC3FE220CDAE100343A94 /* VideoMessages.swift in Sources */ = {isa = PBXBuildFile; fileRef = 8DABC3FD220CDAE100343A94 /* VideoMessages.swift */; };
		8DABC400220CE95A00343A94 /* AudioViewController.swift in Sources */ = {isa = PBXBuildFile; fileRef = 8DABC3FF220CE95A00343A94 /* AudioViewController.swift */; };
		8DABC402220CFAE400343A94 /* MapViewController.swift in Sources */ = {isa = PBXBuildFile; fileRef = 8DABC401220CFAE400343A94 /* MapViewController.swift */; };
		8DABC404220D3B2900343A94 /* PicturesCollectionViewController.swift in Sources */ = {isa = PBXBuildFile; fileRef = 8DABC403220D3B2900343A94 /* PicturesCollectionViewController.swift */; };
		8DABC406220D3B8B00343A94 /* PicturesCollectionViewCell.swift in Sources */ = {isa = PBXBuildFile; fileRef = 8DABC405220D3B8B00343A94 /* PicturesCollectionViewCell.swift */; };
		C9E6D2B9D03B928E216142AB /* Pods_liChat.framework in Frameworks */ = {isa = PBXBuildFile; fileRef = DF3071A399A0CA7E47C970C3 /* Pods_liChat.framework */; };
/* End PBXBuildFile section */

/* Begin PBXFileReference section */
		7CE6E32BAF8DDA36E42F855F /* Pods-liChat.debug.xcconfig */ = {isa = PBXFileReference; includeInIndex = 1; lastKnownFileType = text.xcconfig; name = "Pods-liChat.debug.xcconfig"; path = "Pods/Target Support Files/Pods-liChat/Pods-liChat.debug.xcconfig"; sourceTree = "<group>"; };
		88776F34BC92C8A4513AEA2E /* Pods-liChat.release.xcconfig */ = {isa = PBXFileReference; includeInIndex = 1; lastKnownFileType = text.xcconfig; name = "Pods-liChat.release.xcconfig"; path = "Pods/Target Support Files/Pods-liChat/Pods-liChat.release.xcconfig"; sourceTree = "<group>"; };
		8D95E6B92203A3670097122D /* liChat.app */ = {isa = PBXFileReference; explicitFileType = wrapper.application; includeInIndex = 0; path = liChat.app; sourceTree = BUILT_PRODUCTS_DIR; };
		8D95E6BC2203A3670097122D /* AppDelegate.swift */ = {isa = PBXFileReference; lastKnownFileType = sourcecode.swift; path = AppDelegate.swift; sourceTree = "<group>"; };
		8D95E6C12203A3670097122D /* Base */ = {isa = PBXFileReference; lastKnownFileType = file.storyboard; name = Base; path = Base.lproj/Main.storyboard; sourceTree = "<group>"; };
		8D95E6C32203A3670097122D /* Assets.xcassets */ = {isa = PBXFileReference; lastKnownFileType = folder.assetcatalog; path = Assets.xcassets; sourceTree = "<group>"; };
		8D95E6C62203A3670097122D /* Base */ = {isa = PBXFileReference; lastKnownFileType = file.storyboard; name = Base; path = Base.lproj/LaunchScreen.storyboard; sourceTree = "<group>"; };
		8D95E6C82203A3670097122D /* Info.plist */ = {isa = PBXFileReference; lastKnownFileType = text.plist.xml; path = Info.plist; sourceTree = "<group>"; };
		8D95E6CE2203A9880097122D /* WelcomeViewController.swift */ = {isa = PBXFileReference; lastKnownFileType = sourcecode.swift; path = WelcomeViewController.swift; sourceTree = "<group>"; };
		8D95E6D02203B57A0097122D /* GoogleService-Info.plist */ = {isa = PBXFileReference; fileEncoding = 4; lastKnownFileType = text.plist.xml; path = "GoogleService-Info.plist"; sourceTree = "<group>"; };
		8D95E6D22203B7860097122D /* FUser.swift */ = {isa = PBXFileReference; lastKnownFileType = sourcecode.swift; path = FUser.swift; sourceTree = "<group>"; };
		8D95E6D42203B9C80097122D /* Constants.swift */ = {isa = PBXFileReference; lastKnownFileType = sourcecode.swift; path = Constants.swift; sourceTree = "<group>"; };
		8D95E6D62203BC0B0097122D /* CollectionReference.swift */ = {isa = PBXFileReference; lastKnownFileType = sourcecode.swift; path = CollectionReference.swift; sourceTree = "<group>"; };
		8D95E6D82203BCCD0097122D /* HelperFunctions.swift */ = {isa = PBXFileReference; lastKnownFileType = sourcecode.swift; path = HelperFunctions.swift; sourceTree = "<group>"; };
		8D95E6DA2203CBB50097122D /* FinishRegistrationViewController.swift */ = {isa = PBXFileReference; lastKnownFileType = sourcecode.swift; path = FinishRegistrationViewController.swift; sourceTree = "<group>"; };
		8D95E6DF220678990097122D /* SettingsTableViewController.swift */ = {isa = PBXFileReference; lastKnownFileType = sourcecode.swift; path = SettingsTableViewController.swift; sourceTree = "<group>"; };
		8D95E6E1220683D20097122D /* UserTableViewCell.swift */ = {isa = PBXFileReference; lastKnownFileType = sourcecode.swift; path = UserTableViewCell.swift; sourceTree = "<group>"; };
		8D95E6E4220688840097122D /* UsersTableViewController.swift */ = {isa = PBXFileReference; lastKnownFileType = sourcecode.swift; path = UsersTableViewController.swift; sourceTree = "<group>"; };
		8D95E6E62206A5C10097122D /* ChatsViewController.swift */ = {isa = PBXFileReference; lastKnownFileType = sourcecode.swift; path = ChatsViewController.swift; sourceTree = "<group>"; };
		8D95E6E82206C8270097122D /* ProfileViewTableViewController.swift */ = {isa = PBXFileReference; lastKnownFileType = sourcecode.swift; path = ProfileViewTableViewController.swift; sourceTree = "<group>"; };
		8D96159F2207EAD9004A9534 /* Recent.swift */ = {isa = PBXFileReference; lastKnownFileType = sourcecode.swift; path = Recent.swift; sourceTree = "<group>"; };
		8D9615A12207FFF2004A9534 /* RecentChatTableViewCell.swift */ = {isa = PBXFileReference; lastKnownFileType = sourcecode.swift; path = RecentChatTableViewCell.swift; sourceTree = "<group>"; };
		8D9615A32208FF5C004A9534 /* ChatViewController.swift */ = {isa = PBXFileReference; lastKnownFileType = sourcecode.swift; path = ChatViewController.swift; sourceTree = "<group>"; };
		8D9615A522091235004A9534 /* OutgoingMessages.swift */ = {isa = PBXFileReference; lastKnownFileType = sourcecode.swift; path = OutgoingMessages.swift; sourceTree = "<group>"; };
		8D9615A722091B2E004A9534 /* IncomingMessages.swift */ = {isa = PBXFileReference; lastKnownFileType = sourcecode.swift; path = IncomingMessages.swift; sourceTree = "<group>"; };
		8DABC3F7220BF51100343A94 /* Camera.swift */ = {isa = PBXFileReference; lastKnownFileType = sourcecode.swift; path = Camera.swift; sourceTree = "<group>"; };
		8DABC3F9220BFA1C00343A94 /* Downloader.swift */ = {isa = PBXFileReference; lastKnownFileType = sourcecode.swift; path = Downloader.swift; sourceTree = "<group>"; };
		8DABC3FB220C09D500343A94 /* PhotoMediaItem.swift */ = {isa = PBXFileReference; lastKnownFileType = sourcecode.swift; path = PhotoMediaItem.swift; sourceTree = "<group>"; };
		8DABC3FD220CDAE100343A94 /* VideoMessages.swift */ = {isa = PBXFileReference; lastKnownFileType = sourcecode.swift; path = VideoMessages.swift; sourceTree = "<group>"; };
		8DABC3FF220CE95A00343A94 /* AudioViewController.swift */ = {isa = PBXFileReference; lastKnownFileType = sourcecode.swift; path = AudioViewController.swift; sourceTree = "<group>"; };
		8DABC401220CFAE400343A94 /* MapViewController.swift */ = {isa = PBXFileReference; lastKnownFileType = sourcecode.swift; path = MapViewController.swift; sourceTree = "<group>"; };
		8DABC403220D3B2900343A94 /* PicturesCollectionViewController.swift */ = {isa = PBXFileReference; lastKnownFileType = sourcecode.swift; path = PicturesCollectionViewController.swift; sourceTree = "<group>"; };
		8DABC405220D3B8B00343A94 /* PicturesCollectionViewCell.swift */ = {isa = PBXFileReference; lastKnownFileType = sourcecode.swift; path = PicturesCollectionViewCell.swift; sourceTree = "<group>"; };
		DF3071A399A0CA7E47C970C3 /* Pods_liChat.framework */ = {isa = PBXFileReference; explicitFileType = wrapper.framework; includeInIndex = 0; path = Pods_liChat.framework; sourceTree = BUILT_PRODUCTS_DIR; };
/* End PBXFileReference section */

/* Begin PBXFrameworksBuildPhase section */
		8D95E6B62203A3670097122D /* Frameworks */ = {
			isa = PBXFrameworksBuildPhase;
			buildActionMask = 2147483647;
			files = (
				C9E6D2B9D03B928E216142AB /* Pods_liChat.framework in Frameworks */,
			);
			runOnlyForDeploymentPostprocessing = 0;
		};
/* End PBXFrameworksBuildPhase section */

/* Begin PBXGroup section */
		8D95E6B02203A3670097122D = {
			isa = PBXGroup;
			children = (
				8D95E6BB2203A3670097122D /* liChat */,
				8D95E6BA2203A3670097122D /* Products */,
				AE3426CDEB45B6092586953E /* Pods */,
				F1E5BDA810069B0D44BD5C59 /* Frameworks */,
			);
			sourceTree = "<group>";
		};
		8D95E6BA2203A3670097122D /* Products */ = {
			isa = PBXGroup;
			children = (
				8D95E6B92203A3670097122D /* liChat.app */,
			);
			name = Products;
			sourceTree = "<group>";
		};
		8D95E6BB2203A3670097122D /* liChat */ = {
			isa = PBXGroup;
			children = (
				8D95E6BC2203A3670097122D /* AppDelegate.swift */,
				8D95E6EA2206D6250097122D /* WelcomeView */,
				8D95E6EC2206D65D0097122D /* SecondaryView */,
				8D95E6EB2206D63F0097122D /* MainView */,
				8D95E6E3220688500097122D /* CustomCells */,
				8D95E6DE2203CC310097122D /* Class */,
				8D95E6DC2203CBFE0097122D /* Helpers */,
				8D95E6C02203A3670097122D /* Main.storyboard */,
				8D95E6C32203A3670097122D /* Assets.xcassets */,
				8D95E6C52203A3670097122D /* LaunchScreen.storyboard */,
				8D95E6C82203A3670097122D /* Info.plist */,
				8D95E6D02203B57A0097122D /* GoogleService-Info.plist */,
			);
			path = liChat;
			sourceTree = "<group>";
		};
		8D95E6DC2203CBFE0097122D /* Helpers */ = {
			isa = PBXGroup;
			children = (
				8D95E6D62203BC0B0097122D /* CollectionReference.swift */,
				8DABC3F9220BFA1C00343A94 /* Downloader.swift */,
				8D95E6D82203BCCD0097122D /* HelperFunctions.swift */,
				8D95E6D42203B9C80097122D /* Constants.swift */,
			);
			path = Helpers;
			sourceTree = "<group>";
		};
		8D95E6DE2203CC310097122D /* Class */ = {
			isa = PBXGroup;
			children = (
				8D96159F2207EAD9004A9534 /* Recent.swift */,
				8D9615A522091235004A9534 /* OutgoingMessages.swift */,
				8DABC3FB220C09D500343A94 /* PhotoMediaItem.swift */,
				8D9615A722091B2E004A9534 /* IncomingMessages.swift */,
				8DABC3F7220BF51100343A94 /* Camera.swift */,
				8DABC3FD220CDAE100343A94 /* VideoMessages.swift */,
				8DABC3FF220CE95A00343A94 /* AudioViewController.swift */,
				8D95E6D22203B7860097122D /* FUser.swift */,
			);
			path = Class;
			sourceTree = "<group>";
		};
		8D95E6E3220688500097122D /* CustomCells */ = {
			isa = PBXGroup;
			children = (
				8D95E6E1220683D20097122D /* UserTableViewCell.swift */,
				8DABC405220D3B8B00343A94 /* PicturesCollectionViewCell.swift */,
				8D9615A12207FFF2004A9534 /* RecentChatTableViewCell.swift */,
			);
			path = CustomCells;
			sourceTree = "<group>";
		};
		8D95E6EA2206D6250097122D /* WelcomeView */ = {
			isa = PBXGroup;
			children = (
				8D95E6CE2203A9880097122D /* WelcomeViewController.swift */,
				8D95E6DA2203CBB50097122D /* FinishRegistrationViewController.swift */,
			);
			path = WelcomeView;
			sourceTree = "<group>";
		};
		8D95E6EB2206D63F0097122D /* MainView */ = {
			isa = PBXGroup;
			children = (
				8D95E6E62206A5C10097122D /* ChatsViewController.swift */,
				8D95E6DF220678990097122D /* SettingsTableViewController.swift */,
			);
			path = MainView;
			sourceTree = "<group>";
		};
		8D95E6EC2206D65D0097122D /* SecondaryView */ = {
			isa = PBXGroup;
			children = (
				8D95E6E4220688840097122D /* UsersTableViewController.swift */,
				8DABC403220D3B2900343A94 /* PicturesCollectionViewController.swift */,
				8D9615A32208FF5C004A9534 /* ChatViewController.swift */,
				8D95E6E82206C8270097122D /* ProfileViewTableViewController.swift */,
				8DABC401220CFAE400343A94 /* MapViewController.swift */,
			);
			path = SecondaryView;
			sourceTree = "<group>";
		};
		AE3426CDEB45B6092586953E /* Pods */ = {
			isa = PBXGroup;
			children = (
				7CE6E32BAF8DDA36E42F855F /* Pods-liChat.debug.xcconfig */,
				88776F34BC92C8A4513AEA2E /* Pods-liChat.release.xcconfig */,
			);
			name = Pods;
			sourceTree = "<group>";
		};
		F1E5BDA810069B0D44BD5C59 /* Frameworks */ = {
			isa = PBXGroup;
			children = (
				DF3071A399A0CA7E47C970C3 /* Pods_liChat.framework */,
			);
			name = Frameworks;
			sourceTree = "<group>";
		};
/* End PBXGroup section */

/* Begin PBXNativeTarget section */
		8D95E6B82203A3670097122D /* liChat */ = {
			isa = PBXNativeTarget;
			buildConfigurationList = 8D95E6CB2203A3670097122D /* Build configuration list for PBXNativeTarget "liChat" */;
			buildPhases = (
				91E6E89E687840BA415A1E2D /* [CP] Check Pods Manifest.lock */,
				8D95E6B52203A3670097122D /* Sources */,
				8D95E6B62203A3670097122D /* Frameworks */,
				8D95E6B72203A3670097122D /* Resources */,
				852B9FB4AAA7AA1E65DD45EA /* [CP] Embed Pods Frameworks */,
			);
			buildRules = (
			);
			dependencies = (
			);
			name = liChat;
			productName = liChat;
			productReference = 8D95E6B92203A3670097122D /* liChat.app */;
			productType = "com.apple.product-type.application";
		};
/* End PBXNativeTarget section */

/* Begin PBXProject section */
		8D95E6B12203A3670097122D /* Project object */ = {
			isa = PBXProject;
			attributes = {
				LastSwiftUpdateCheck = 0920;
				LastUpgradeCheck = 0920;
				ORGANIZATIONNAME = Simon;
				TargetAttributes = {
					8D95E6B82203A3670097122D = {
						CreatedOnToolsVersion = 9.2;
						ProvisioningStyle = Automatic;
					};
				};
			};
			buildConfigurationList = 8D95E6B42203A3670097122D /* Build configuration list for PBXProject "liChat" */;
			compatibilityVersion = "Xcode 8.0";
			developmentRegion = en;
			hasScannedForEncodings = 0;
			knownRegions = (
				en,
				Base,
			);
			mainGroup = 8D95E6B02203A3670097122D;
			productRefGroup = 8D95E6BA2203A3670097122D /* Products */;
			projectDirPath = "";
			projectRoot = "";
			targets = (
				8D95E6B82203A3670097122D /* liChat */,
			);
		};
/* End PBXProject section */

/* Begin PBXResourcesBuildPhase section */
		8D95E6B72203A3670097122D /* Resources */ = {
			isa = PBXResourcesBuildPhase;
			buildActionMask = 2147483647;
			files = (
				8D95E6C72203A3670097122D /* LaunchScreen.storyboard in Resources */,
				8D95E6D12203B57A0097122D /* GoogleService-Info.plist in Resources */,
				8D95E6C42203A3670097122D /* Assets.xcassets in Resources */,
				8D95E6C22203A3670097122D /* Main.storyboard in Resources */,
			);
			runOnlyForDeploymentPostprocessing = 0;
		};
/* End PBXResourcesBuildPhase section */

/* Begin PBXShellScriptBuildPhase section */
		852B9FB4AAA7AA1E65DD45EA /* [CP] Embed Pods Frameworks */ = {
			isa = PBXShellScriptBuildPhase;
			buildActionMask = 2147483647;
			files = (
			);
			inputPaths = (
				"${SRCROOT}/Pods/Target Support Files/Pods-liChat/Pods-liChat-frameworks.sh",
				"${BUILT_PRODUCTS_DIR}/BoringSSL/openssl.framework",
				"${BUILT_PRODUCTS_DIR}/DACircularProgress/DACircularProgress.framework",
				"${BUILT_PRODUCTS_DIR}/GTMSessionFetcher/GTMSessionFetcher.framework",
				"${BUILT_PRODUCTS_DIR}/GoogleUtilities/GoogleUtilities.framework",
				"${BUILT_PRODUCTS_DIR}/IDMPhotoBrowser/IDMPhotoBrowser.framework",
				"${BUILT_PRODUCTS_DIR}/IQAudioRecorderController/IQAudioRecorderController.framework",
				"${BUILT_PRODUCTS_DIR}/ImagePicker/ImagePicker.framework",
				"${BUILT_PRODUCTS_DIR}/JSQMessagesViewController/JSQMessagesViewController.framework",
				"${BUILT_PRODUCTS_DIR}/JSQSystemSoundPlayer/JSQSystemSoundPlayer.framework",
				"${BUILT_PRODUCTS_DIR}/MBProgressHUD/MBProgressHUD.framework",
				"${BUILT_PRODUCTS_DIR}/ProgressHUD/ProgressHUD.framework",
				"${BUILT_PRODUCTS_DIR}/Protobuf/Protobuf.framework",
				"${BUILT_PRODUCTS_DIR}/SCSiriWaveformView/SCSiriWaveformView.framework",
				"${BUILT_PRODUCTS_DIR}/SDWebImage/SDWebImage.framework",
				"${BUILT_PRODUCTS_DIR}/gRPC/GRPCClient.framework",
				"${BUILT_PRODUCTS_DIR}/gRPC-C++/grpcpp.framework",
				"${BUILT_PRODUCTS_DIR}/gRPC-Core/grpc.framework",
				"${BUILT_PRODUCTS_DIR}/gRPC-ProtoRPC/ProtoRPC.framework",
				"${BUILT_PRODUCTS_DIR}/gRPC-RxLibrary/RxLibrary.framework",
				"${BUILT_PRODUCTS_DIR}/leveldb-library/leveldb.framework",
				"${BUILT_PRODUCTS_DIR}/nanopb/nanopb.framework",
				"${BUILT_PRODUCTS_DIR}/pop/pop.framework",
			);
			name = "[CP] Embed Pods Frameworks";
			outputPaths = (
				"${TARGET_BUILD_DIR}/${FRAMEWORKS_FOLDER_PATH}/openssl.framework",
				"${TARGET_BUILD_DIR}/${FRAMEWORKS_FOLDER_PATH}/DACircularProgress.framework",
				"${TARGET_BUILD_DIR}/${FRAMEWORKS_FOLDER_PATH}/GTMSessionFetcher.framework",
				"${TARGET_BUILD_DIR}/${FRAMEWORKS_FOLDER_PATH}/GoogleUtilities.framework",
				"${TARGET_BUILD_DIR}/${FRAMEWORKS_FOLDER_PATH}/IDMPhotoBrowser.framework",
				"${TARGET_BUILD_DIR}/${FRAMEWORKS_FOLDER_PATH}/IQAudioRecorderController.framework",
				"${TARGET_BUILD_DIR}/${FRAMEWORKS_FOLDER_PATH}/ImagePicker.framework",
				"${TARGET_BUILD_DIR}/${FRAMEWORKS_FOLDER_PATH}/JSQMessagesViewController.framework",
				"${TARGET_BUILD_DIR}/${FRAMEWORKS_FOLDER_PATH}/JSQSystemSoundPlayer.framework",
				"${TARGET_BUILD_DIR}/${FRAMEWORKS_FOLDER_PATH}/MBProgressHUD.framework",
				"${TARGET_BUILD_DIR}/${FRAMEWORKS_FOLDER_PATH}/ProgressHUD.framework",
				"${TARGET_BUILD_DIR}/${FRAMEWORKS_FOLDER_PATH}/Protobuf.framework",
				"${TARGET_BUILD_DIR}/${FRAMEWORKS_FOLDER_PATH}/SCSiriWaveformView.framework",
				"${TARGET_BUILD_DIR}/${FRAMEWORKS_FOLDER_PATH}/SDWebImage.framework",
				"${TARGET_BUILD_DIR}/${FRAMEWORKS_FOLDER_PATH}/GRPCClient.framework",
				"${TARGET_BUILD_DIR}/${FRAMEWORKS_FOLDER_PATH}/grpcpp.framework",
				"${TARGET_BUILD_DIR}/${FRAMEWORKS_FOLDER_PATH}/grpc.framework",
				"${TARGET_BUILD_DIR}/${FRAMEWORKS_FOLDER_PATH}/ProtoRPC.framework",
				"${TARGET_BUILD_DIR}/${FRAMEWORKS_FOLDER_PATH}/RxLibrary.framework",
				"${TARGET_BUILD_DIR}/${FRAMEWORKS_FOLDER_PATH}/leveldb.framework",
				"${TARGET_BUILD_DIR}/${FRAMEWORKS_FOLDER_PATH}/nanopb.framework",
				"${TARGET_BUILD_DIR}/${FRAMEWORKS_FOLDER_PATH}/pop.framework",
			);
			runOnlyForDeploymentPostprocessing = 0;
			shellPath = /bin/sh;
			shellScript = "\"${SRCROOT}/Pods/Target Support Files/Pods-liChat/Pods-liChat-frameworks.sh\"\n";
			showEnvVarsInLog = 0;
		};
		91E6E89E687840BA415A1E2D /* [CP] Check Pods Manifest.lock */ = {
			isa = PBXShellScriptBuildPhase;
			buildActionMask = 2147483647;
			files = (
			);
			inputPaths = (
				"${PODS_PODFILE_DIR_PATH}/Podfile.lock",
				"${PODS_ROOT}/Manifest.lock",
			);
			name = "[CP] Check Pods Manifest.lock";
			outputPaths = (
				"$(DERIVED_FILE_DIR)/Pods-liChat-checkManifestLockResult.txt",
			);
			runOnlyForDeploymentPostprocessing = 0;
			shellPath = /bin/sh;
			shellScript = "diff \"${PODS_PODFILE_DIR_PATH}/Podfile.lock\" \"${PODS_ROOT}/Manifest.lock\" > /dev/null\nif [ $? != 0 ] ; then\n    # print error to STDERR\n    echo \"error: The sandbox is not in sync with the Podfile.lock. Run 'pod install' or update your CocoaPods installation.\" >&2\n    exit 1\nfi\n# This output is used by Xcode 'outputs' to avoid re-running this script phase.\necho \"SUCCESS\" > \"${SCRIPT_OUTPUT_FILE_0}\"\n";
			showEnvVarsInLog = 0;
		};
/* End PBXShellScriptBuildPhase section */

/* Begin PBXSourcesBuildPhase section */
		8D95E6B52203A3670097122D /* Sources */ = {
			isa = PBXSourcesBuildPhase;
			buildActionMask = 2147483647;
			files = (
				8D95E6D32203B7860097122D /* FUser.swift in Sources */,
				8D9615A02207EAD9004A9534 /* Recent.swift in Sources */,
				8D95E6E2220683D20097122D /* UserTableViewCell.swift in Sources */,
				8D95E6E92206C8270097122D /* ProfileViewTableViewController.swift in Sources */,
				8DABC3FC220C09D500343A94 /* PhotoMediaItem.swift in Sources */,
				8D9615A822091B2E004A9534 /* IncomingMessages.swift in Sources */,
				8D9615A22207FFF2004A9534 /* RecentChatTableViewCell.swift in Sources */,
				8D9615A622091235004A9534 /* OutgoingMessages.swift in Sources */,
				8D95E6BD2203A3670097122D /* AppDelegate.swift in Sources */,
				8DABC402220CFAE400343A94 /* MapViewController.swift in Sources */,
				8DABC3F8220BF51100343A94 /* Camera.swift in Sources */,
				8DABC404220D3B2900343A94 /* PicturesCollectionViewController.swift in Sources */,
				8DABC406220D3B8B00343A94 /* PicturesCollectionViewCell.swift in Sources */,
				8D95E6CF2203A9880097122D /* WelcomeViewController.swift in Sources */,
				8DABC3FA220BFA1C00343A94 /* Downloader.swift in Sources */,
				8D95E6D72203BC0B0097122D /* CollectionReference.swift in Sources */,
				8D95E6E0220678990097122D /* SettingsTableViewController.swift in Sources */,
				8D95E6E72206A5C10097122D /* ChatsViewController.swift in Sources */,
				8D95E6D52203B9C80097122D /* Constants.swift in Sources */,
				8D95E6DB2203CBB50097122D /* FinishRegistrationViewController.swift in Sources */,
				8D95E6E5220688840097122D /* UsersTableViewController.swift in Sources */,
				8DABC3FE220CDAE100343A94 /* VideoMessages.swift in Sources */,
				8DABC400220CE95A00343A94 /* AudioViewController.swift in Sources */,
				8D9615A42208FF5C004A9534 /* ChatViewController.swift in Sources */,
				8D95E6D92203BCCD0097122D /* HelperFunctions.swift in Sources */,
			);
			runOnlyForDeploymentPostprocessing = 0;
		};
/* End PBXSourcesBuildPhase section */

/* Begin PBXVariantGroup section */
		8D95E6C02203A3670097122D /* Main.storyboard */ = {
			isa = PBXVariantGroup;
			children = (
				8D95E6C12203A3670097122D /* Base */,
			);
			name = Main.storyboard;
			sourceTree = "<group>";
		};
		8D95E6C52203A3670097122D /* LaunchScreen.storyboard */ = {
			isa = PBXVariantGroup;
			children = (
				8D95E6C62203A3670097122D /* Base */,
			);
			name = LaunchScreen.storyboard;
			sourceTree = "<group>";
		};
/* End PBXVariantGroup section */

/* Begin XCBuildConfiguration section */
		8D95E6C92203A3670097122D /* Debug */ = {
			isa = XCBuildConfiguration;
			buildSettings = {
				ALWAYS_SEARCH_USER_PATHS = NO;
				CLANG_ANALYZER_NONNULL = YES;
				CLANG_ANALYZER_NUMBER_OBJECT_CONVERSION = YES_AGGRESSIVE;
				CLANG_CXX_LANGUAGE_STANDARD = "gnu++14";
				CLANG_CXX_LIBRARY = "libc++";
				CLANG_ENABLE_MODULES = YES;
				CLANG_ENABLE_OBJC_ARC = YES;
				CLANG_WARN_BLOCK_CAPTURE_AUTORELEASING = YES;
				CLANG_WARN_BOOL_CONVERSION = YES;
				CLANG_WARN_COMMA = YES;
				CLANG_WARN_CONSTANT_CONVERSION = YES;
				CLANG_WARN_DIRECT_OBJC_ISA_USAGE = YES_ERROR;
				CLANG_WARN_DOCUMENTATION_COMMENTS = YES;
				CLANG_WARN_EMPTY_BODY = YES;
				CLANG_WARN_ENUM_CONVERSION = YES;
				CLANG_WARN_INFINITE_RECURSION = YES;
				CLANG_WARN_INT_CONVERSION = YES;
				CLANG_WARN_NON_LITERAL_NULL_CONVERSION = YES;
				CLANG_WARN_OBJC_LITERAL_CONVERSION = YES;
				CLANG_WARN_OBJC_ROOT_CLASS = YES_ERROR;
				CLANG_WARN_RANGE_LOOP_ANALYSIS = YES;
				CLANG_WARN_STRICT_PROTOTYPES = YES;
				CLANG_WARN_SUSPICIOUS_MOVE = YES;
				CLANG_WARN_UNGUARDED_AVAILABILITY = YES_AGGRESSIVE;
				CLANG_WARN_UNREACHABLE_CODE = YES;
				CLANG_WARN__DUPLICATE_METHOD_MATCH = YES;
				CODE_SIGN_IDENTITY = "iPhone Developer";
				COPY_PHASE_STRIP = NO;
				DEBUG_INFORMATION_FORMAT = dwarf;
				ENABLE_STRICT_OBJC_MSGSEND = YES;
				ENABLE_TESTABILITY = YES;
				GCC_C_LANGUAGE_STANDARD = gnu11;
				GCC_DYNAMIC_NO_PIC = NO;
				GCC_NO_COMMON_BLOCKS = YES;
				GCC_OPTIMIZATION_LEVEL = 0;
				GCC_PREPROCESSOR_DEFINITIONS = (
					"DEBUG=1",
					"$(inherited)",
				);
				GCC_WARN_64_TO_32_BIT_CONVERSION = YES;
				GCC_WARN_ABOUT_RETURN_TYPE = YES_ERROR;
				GCC_WARN_UNDECLARED_SELECTOR = YES;
				GCC_WARN_UNINITIALIZED_AUTOS = YES_AGGRESSIVE;
				GCC_WARN_UNUSED_FUNCTION = YES;
				GCC_WARN_UNUSED_VARIABLE = YES;
				IPHONEOS_DEPLOYMENT_TARGET = 11.2;
				MTL_ENABLE_DEBUG_INFO = YES;
				ONLY_ACTIVE_ARCH = YES;
				SDKROOT = iphoneos;
				SWIFT_ACTIVE_COMPILATION_CONDITIONS = DEBUG;
				SWIFT_OPTIMIZATION_LEVEL = "-Onone";
			};
			name = Debug;
		};
		8D95E6CA2203A3670097122D /* Release */ = {
			isa = XCBuildConfiguration;
			buildSettings = {
				ALWAYS_SEARCH_USER_PATHS = NO;
				CLANG_ANALYZER_NONNULL = YES;
				CLANG_ANALYZER_NUMBER_OBJECT_CONVERSION = YES_AGGRESSIVE;
				CLANG_CXX_LANGUAGE_STANDARD = "gnu++14";
				CLANG_CXX_LIBRARY = "libc++";
				CLANG_ENABLE_MODULES = YES;
				CLANG_ENABLE_OBJC_ARC = YES;
				CLANG_WARN_BLOCK_CAPTURE_AUTORELEASING = YES;
				CLANG_WARN_BOOL_CONVERSION = YES;
				CLANG_WARN_COMMA = YES;
				CLANG_WARN_CONSTANT_CONVERSION = YES;
				CLANG_WARN_DIRECT_OBJC_ISA_USAGE = YES_ERROR;
				CLANG_WARN_DOCUMENTATION_COMMENTS = YES;
				CLANG_WARN_EMPTY_BODY = YES;
				CLANG_WARN_ENUM_CONVERSION = YES;
				CLANG_WARN_INFINITE_RECURSION = YES;
				CLANG_WARN_INT_CONVERSION = YES;
				CLANG_WARN_NON_LITERAL_NULL_CONVERSION = YES;
				CLANG_WARN_OBJC_LITERAL_CONVERSION = YES;
				CLANG_WARN_OBJC_ROOT_CLASS = YES_ERROR;
				CLANG_WARN_RANGE_LOOP_ANALYSIS = YES;
				CLANG_WARN_STRICT_PROTOTYPES = YES;
				CLANG_WARN_SUSPICIOUS_MOVE = YES;
				CLANG_WARN_UNGUARDED_AVAILABILITY = YES_AGGRESSIVE;
				CLANG_WARN_UNREACHABLE_CODE = YES;
				CLANG_WARN__DUPLICATE_METHOD_MATCH = YES;
				CODE_SIGN_IDENTITY = "iPhone Developer";
				COPY_PHASE_STRIP = NO;
				DEBUG_INFORMATION_FORMAT = "dwarf-with-dsym";
				ENABLE_NS_ASSERTIONS = NO;
				ENABLE_STRICT_OBJC_MSGSEND = YES;
				GCC_C_LANGUAGE_STANDARD = gnu11;
				GCC_NO_COMMON_BLOCKS = YES;
				GCC_WARN_64_TO_32_BIT_CONVERSION = YES;
				GCC_WARN_ABOUT_RETURN_TYPE = YES_ERROR;
				GCC_WARN_UNDECLARED_SELECTOR = YES;
				GCC_WARN_UNINITIALIZED_AUTOS = YES_AGGRESSIVE;
				GCC_WARN_UNUSED_FUNCTION = YES;
				GCC_WARN_UNUSED_VARIABLE = YES;
				IPHONEOS_DEPLOYMENT_TARGET = 11.2;
				MTL_ENABLE_DEBUG_INFO = NO;
				SDKROOT = iphoneos;
				SWIFT_OPTIMIZATION_LEVEL = "-Owholemodule";
				VALIDATE_PRODUCT = YES;
			};
			name = Release;
		};
		8D95E6CC2203A3670097122D /* Debug */ = {
			isa = XCBuildConfiguration;
			baseConfigurationReference = 7CE6E32BAF8DDA36E42F855F /* Pods-liChat.debug.xcconfig */;
			buildSettings = {
				ASSETCATALOG_COMPILER_APPICON_NAME = AppIcon;
				CODE_SIGN_STYLE = Automatic;
				DEVELOPMENT_TEAM = 53B5VF7VC8;
				INFOPLIST_FILE = liChat/Info.plist;
				LD_RUNPATH_SEARCH_PATHS = "$(inherited) @executable_path/Frameworks";
				PRODUCT_BUNDLE_IDENTIFIER = Simon.liChat;
				PRODUCT_NAME = "$(TARGET_NAME)";
				SWIFT_VERSION = 4.0;
				TARGETED_DEVICE_FAMILY = "1,2";
			};
			name = Debug;
		};
		8D95E6CD2203A3670097122D /* Release */ = {
			isa = XCBuildConfiguration;
			baseConfigurationReference = 88776F34BC92C8A4513AEA2E /* Pods-liChat.release.xcconfig */;
			buildSettings = {
				ASSETCATALOG_COMPILER_APPICON_NAME = AppIcon;
				CODE_SIGN_STYLE = Automatic;
				DEVELOPMENT_TEAM = 53B5VF7VC8;
				INFOPLIST_FILE = liChat/Info.plist;
				LD_RUNPATH_SEARCH_PATHS = "$(inherited) @executable_path/Frameworks";
				PRODUCT_BUNDLE_IDENTIFIER = Simon.liChat;
				PRODUCT_NAME = "$(TARGET_NAME)";
				SWIFT_VERSION = 4.0;
				TARGETED_DEVICE_FAMILY = "1,2";
			};
			name = Release;
		};
/* End XCBuildConfiguration section */

/* Begin XCConfigurationList section */
		8D95E6B42203A3670097122D /* Build configuration list for PBXProject "liChat" */ = {
			isa = XCConfigurationList;
			buildConfigurations = (
				8D95E6C92203A3670097122D /* Debug */,
				8D95E6CA2203A3670097122D /* Release */,
			);
			defaultConfigurationIsVisible = 0;
			defaultConfigurationName = Release;
		};
		8D95E6CB2203A3670097122D /* Build configuration list for PBXNativeTarget "liChat" */ = {
			isa = XCConfigurationList;
			buildConfigurations = (
				8D95E6CC2203A3670097122D /* Debug */,
				8D95E6CD2203A3670097122D /* Release */,
			);
			defaultConfigurationIsVisible = 0;
			defaultConfigurationName = Release;
		};
/* End XCConfigurationList section */
	};
	rootObject = 8D95E6B12203A3670097122D /* Project object */;
}
